// !$*UTF8*$!
{
	archiveVersion = 1;
	classes = {
	};
	objectVersion = 50;
	objects = {

/* Begin PBXBuildFile section */
		06673B07215B295100C03468 /* AppDelegate.swift in Sources */ = {isa = PBXBuildFile; fileRef = 06673B06215B295100C03468 /* AppDelegate.swift */; };
		06673B09215B295100C03468 /* ViewController.swift in Sources */ = {isa = PBXBuildFile; fileRef = 06673B08215B295100C03468 /* ViewController.swift */; };
		06673B0C215B295100C03468 /* Main.storyboard in Resources */ = {isa = PBXBuildFile; fileRef = 06673B0A215B295100C03468 /* Main.storyboard */; };
		06673B0E215B295100C03468 /* Assets.xcassets in Resources */ = {isa = PBXBuildFile; fileRef = 06673B0D215B295100C03468 /* Assets.xcassets */; };
		06673B11215B295100C03468 /* LaunchScreen.storyboard in Resources */ = {isa = PBXBuildFile; fileRef = 06673B0F215B295100C03468 /* LaunchScreen.storyboard */; };
		06673B1C215B295100C03468 /* clmtestTests.swift in Sources */ = {isa = PBXBuildFile; fileRef = 06673B1B215B295100C03468 /* clmtestTests.swift */; };
		06673B27215B295100C03468 /* clmtestUITests.swift in Sources */ = {isa = PBXBuildFile; fileRef = 06673B26215B295100C03468 /* clmtestUITests.swift */; };
/* End PBXBuildFile section */

/* Begin PBXContainerItemProxy section */
		06673B18215B295100C03468 /* PBXContainerItemProxy */ = {
			isa = PBXContainerItemProxy;
			containerPortal = 06673AFB215B295100C03468 /* Project object */;
			proxyType = 1;
			remoteGlobalIDString = 06673B02215B295100C03468;
			remoteInfo = clmtest;
		};
		06673B23215B295100C03468 /* PBXContainerItemProxy */ = {
			isa = PBXContainerItemProxy;
			containerPortal = 06673AFB215B295100C03468 /* Project object */;
			proxyType = 1;
			remoteGlobalIDString = 06673B02215B295100C03468;
			remoteInfo = clmtest;
		};
/* End PBXContainerItemProxy section */

/* Begin PBXFileReference section */
		06673B03215B295100C03468 /* clmtest.app */ = {isa = PBXFileReference; explicitFileType = wrapper.application; includeInIndex = 0; path = clmtest.app; sourceTree = BUILT_PRODUCTS_DIR; };
		06673B06215B295100C03468 /* AppDelegate.swift */ = {isa = PBXFileReference; lastKnownFileType = sourcecode.swift; path = AppDelegate.swift; sourceTree = "<group>"; };
		06673B08215B295100C03468 /* ViewController.swift */ = {isa = PBXFileReference; lastKnownFileType = sourcecode.swift; path = ViewController.swift; sourceTree = "<group>"; };
		06673B0B215B295100C03468 /* Base */ = {isa = PBXFileReference; lastKnownFileType = file.storyboard; name = Base; path = Base.lproj/Main.storyboard; sourceTree = "<group>"; };
		06673B0D215B295100C03468 /* Assets.xcassets */ = {isa = PBXFileReference; lastKnownFileType = folder.assetcatalog; path = Assets.xcassets; sourceTree = "<group>"; };
		06673B10215B295100C03468 /* Base */ = {isa = PBXFileReference; lastKnownFileType = file.storyboard; name = Base; path = Base.lproj/LaunchScreen.storyboard; sourceTree = "<group>"; };
		06673B12215B295100C03468 /* Info.plist */ = {isa = PBXFileReference; lastKnownFileType = text.plist.xml; path = Info.plist; sourceTree = "<group>"; };
		06673B17215B295100C03468 /* clmtestTests.xctest */ = {isa = PBXFileReference; explicitFileType = wrapper.cfbundle; includeInIndex = 0; path = clmtestTests.xctest; sourceTree = BUILT_PRODUCTS_DIR; };
		06673B1B215B295100C03468 /* clmtestTests.swift */ = {isa = PBXFileReference; lastKnownFileType = sourcecode.swift; path = clmtestTests.swift; sourceTree = "<group>"; };
		06673B1D215B295100C03468 /* Info.plist */ = {isa = PBXFileReference; lastKnownFileType = text.plist.xml; path = Info.plist; sourceTree = "<group>"; };
		06673B22215B295100C03468 /* clmtestUITests.xctest */ = {isa = PBXFileReference; explicitFileType = wrapper.cfbundle; includeInIndex = 0; path = clmtestUITests.xctest; sourceTree = BUILT_PRODUCTS_DIR; };
		06673B26215B295100C03468 /* clmtestUITests.swift */ = {isa = PBXFileReference; lastKnownFileType = sourcecode.swift; path = clmtestUITests.swift; sourceTree = "<group>"; };
		06673B28215B295100C03468 /* Info.plist */ = {isa = PBXFileReference; lastKnownFileType = text.plist.xml; path = Info.plist; sourceTree = "<group>"; };
/* End PBXFileReference section */

/* Begin PBXFrameworksBuildPhase section */
		06673B00215B295100C03468 /* Frameworks */ = {
			isa = PBXFrameworksBuildPhase;
			buildActionMask = 2147483647;
			files = (
			);
			runOnlyForDeploymentPostprocessing = 0;
		};
		06673B14215B295100C03468 /* Frameworks */ = {
			isa = PBXFrameworksBuildPhase;
			buildActionMask = 2147483647;
			files = (
			);
			runOnlyForDeploymentPostprocessing = 0;
		};
		06673B1F215B295100C03468 /* Frameworks */ = {
			isa = PBXFrameworksBuildPhase;
			buildActionMask = 2147483647;
			files = (
			);
			runOnlyForDeploymentPostprocessing = 0;
		};
/* End PBXFrameworksBuildPhase section */

/* Begin PBXGroup section */
		06673AFA215B295100C03468 = {
			isa = PBXGroup;
			children = (
				06673B05215B295100C03468 /* clmtest */,
				06673B1A215B295100C03468 /* clmtestTests */,
				06673B25215B295100C03468 /* clmtestUITests */,
				06673B04215B295100C03468 /* Products */,
			);
			sourceTree = "<group>";
		};
		06673B04215B295100C03468 /* Products */ = {
			isa = PBXGroup;
			children = (
				06673B03215B295100C03468 /* clmtest.app */,
				06673B17215B295100C03468 /* clmtestTests.xctest */,
				06673B22215B295100C03468 /* clmtestUITests.xctest */,
			);
			name = Products;
			sourceTree = "<group>";
		};
		06673B05215B295100C03468 /* clmtest */ = {
			isa = PBXGroup;
			children = (
				06673B06215B295100C03468 /* AppDelegate.swift */,
				06673B08215B295100C03468 /* ViewController.swift */,
				06673B0A215B295100C03468 /* Main.storyboard */,
				06673B0D215B295100C03468 /* Assets.xcassets */,
				06673B0F215B295100C03468 /* LaunchScreen.storyboard */,
				06673B12215B295100C03468 /* Info.plist */,
			);
			path = clmtest;
			sourceTree = "<group>";
		};
		06673B1A215B295100C03468 /* clmtestTests */ = {
			isa = PBXGroup;
			children = (
				06673B1B215B295100C03468 /* clmtestTests.swift */,
				06673B1D215B295100C03468 /* Info.plist */,
			);
			path = clmtestTests;
			sourceTree = "<group>";
		};
		06673B25215B295100C03468 /* clmtestUITests */ = {
			isa = PBXGroup;
			children = (
				06673B26215B295100C03468 /* clmtestUITests.swift */,
				06673B28215B295100C03468 /* Info.plist */,
			);
			path = clmtestUITests;
			sourceTree = "<group>";
		};
/* End PBXGroup section */

/* Begin PBXNativeTarget section */
		06673B02215B295100C03468 /* clmtest */ = {
			isa = PBXNativeTarget;
			buildConfigurationList = 06673B2B215B295100C03468 /* Build configuration list for PBXNativeTarget "clmtest" */;
			buildPhases = (
				06673AFF215B295100C03468 /* Sources */,
				06673B00215B295100C03468 /* Frameworks */,
				06673B01215B295100C03468 /* Resources */,
			);
			buildRules = (
			);
			dependencies = (
			);
			name = clmtest;
			productName = clmtest;
			productReference = 06673B03215B295100C03468 /* clmtest.app */;
			productType = "com.apple.product-type.application";
		};
		06673B16215B295100C03468 /* clmtestTests */ = {
			isa = PBXNativeTarget;
			buildConfigurationList = 06673B2E215B295100C03468 /* Build configuration list for PBXNativeTarget "clmtestTests" */;
			buildPhases = (
				06673B13215B295100C03468 /* Sources */,
				06673B14215B295100C03468 /* Frameworks */,
				06673B15215B295100C03468 /* Resources */,
			);
			buildRules = (
			);
			dependencies = (
				06673B19215B295100C03468 /* PBXTargetDependency */,
			);
			name = clmtestTests;
			productName = clmtestTests;
			productReference = 06673B17215B295100C03468 /* clmtestTests.xctest */;
			productType = "com.apple.product-type.bundle.unit-test";
		};
		06673B21215B295100C03468 /* clmtestUITests */ = {
			isa = PBXNativeTarget;
			buildConfigurationList = 06673B31215B295100C03468 /* Build configuration list for PBXNativeTarget "clmtestUITests" */;
			buildPhases = (
				06673B1E215B295100C03468 /* Sources */,
				06673B1F215B295100C03468 /* Frameworks */,
				06673B20215B295100C03468 /* Resources */,
			);
			buildRules = (
			);
			dependencies = (
				06673B24215B295100C03468 /* PBXTargetDependency */,
			);
			name = clmtestUITests;
			productName = clmtestUITests;
			productReference = 06673B22215B295100C03468 /* clmtestUITests.xctest */;
			productType = "com.apple.product-type.bundle.ui-testing";
		};
/* End PBXNativeTarget section */

/* Begin PBXProject section */
		06673AFB215B295100C03468 /* Project object */ = {
			isa = PBXProject;
			attributes = {
				LastSwiftUpdateCheck = 1000;
				LastUpgradeCheck = 1000;
				ORGANIZATIONNAME = zyh;
				TargetAttributes = {
					06673B02215B295100C03468 = {
						CreatedOnToolsVersion = 10.0;
					};
					06673B16215B295100C03468 = {
						CreatedOnToolsVersion = 10.0;
						TestTargetID = 06673B02215B295100C03468;
					};
					06673B21215B295100C03468 = {
						CreatedOnToolsVersion = 10.0;
						TestTargetID = 06673B02215B295100C03468;
					};
				};
			};
			buildConfigurationList = 06673AFE215B295100C03468 /* Build configuration list for PBXProject "clmtest" */;
			compatibilityVersion = "Xcode 9.3";
			developmentRegion = en;
			hasScannedForEncodings = 0;
			knownRegions = (
				en,
				Base,
			);
			mainGroup = 06673AFA215B295100C03468;
			productRefGroup = 06673B04215B295100C03468 /* Products */;
			projectDirPath = "";
			projectRoot = "";
			targets = (
				06673B02215B295100C03468 /* clmtest */,
				06673B16215B295100C03468 /* clmtestTests */,
				06673B21215B295100C03468 /* clmtestUITests */,
			);
		};
/* End PBXProject section */

/* Begin PBXResourcesBuildPhase section */
		06673B01215B295100C03468 /* Resources */ = {
			isa = PBXResourcesBuildPhase;
			buildActionMask = 2147483647;
			files = (
				06673B11215B295100C03468 /* LaunchScreen.storyboard in Resources */,
				06673B0E215B295100C03468 /* Assets.xcassets in Resources */,
				06673B0C215B295100C03468 /* Main.storyboard in Resources */,
			);
			runOnlyForDeploymentPostprocessing = 0;
		};
		06673B15215B295100C03468 /* Resources */ = {
			isa = PBXResourcesBuildPhase;
			buildActionMask = 2147483647;
			files = (
			);
			runOnlyForDeploymentPostprocessing = 0;
		};
		06673B20215B295100C03468 /* Resources */ = {
			isa = PBXResourcesBuildPhase;
			buildActionMask = 2147483647;
			files = (
			);
			runOnlyForDeploymentPostprocessing = 0;
		};
/* End PBXResourcesBuildPhase section */

/* Begin PBXSourcesBuildPhase section */
		06673AFF215B295100C03468 /* Sources */ = {
			isa = PBXSourcesBuildPhase;
			buildActionMask = 2147483647;
			files = (
				06673B09215B295100C03468 /* ViewController.swift in Sources */,
				06673B07215B295100C03468 /* AppDelegate.swift in Sources */,
			);
			runOnlyForDeploymentPostprocessing = 0;
		};
		06673B13215B295100C03468 /* Sources */ = {
			isa = PBXSourcesBuildPhase;
			buildActionMask = 2147483647;
			files = (
				06673B1C215B295100C03468 /* clmtestTests.swift in Sources */,
			);
			runOnlyForDeploymentPostprocessing = 0;
		};
		06673B1E215B295100C03468 /* Sources */ = {
			isa = PBXSourcesBuildPhase;
			buildActionMask = 2147483647;
			files = (
				06673B27215B295100C03468 /* clmtestUITests.swift in Sources */,
			);
			runOnlyForDeploymentPostprocessing = 0;
		};
/* End PBXSourcesBuildPhase section */

/* Begin PBXTargetDependency section */
		06673B19215B295100C03468 /* PBXTargetDependency */ = {
			isa = PBXTargetDependency;
			target = 06673B02215B295100C03468 /* clmtest */;
			targetProxy = 06673B18215B295100C03468 /* PBXContainerItemProxy */;
		};
		06673B24215B295100C03468 /* PBXTargetDependency */ = {
			isa = PBXTargetDependency;
			target = 06673B02215B295100C03468 /* clmtest */;
			targetProxy = 06673B23215B295100C03468 /* PBXContainerItemProxy */;
		};
/* End PBXTargetDependency section */

/* Begin PBXVariantGroup section */
		06673B0A215B295100C03468 /* Main.storyboard */ = {
			isa = PBXVariantGroup;
			children = (
				06673B0B215B295100C03468 /* Base */,
			);
			name = Main.storyboard;
			sourceTree = "<group>";
		};
		06673B0F215B295100C03468 /* LaunchScreen.storyboard */ = {
			isa = PBXVariantGroup;
			children = (
				06673B10215B295100C03468 /* Base */,
			);
			name = LaunchScreen.storyboard;
			sourceTree = "<group>";
		};
/* End PBXVariantGroup section */

/* Begin XCBuildConfiguration section */
		06673B29215B295100C03468 /* Debug */ = {
			isa = XCBuildConfiguration;
			buildSettings = {
				ALWAYS_SEARCH_USER_PATHS = NO;
				CLANG_ANALYZER_NONNULL = YES;
				CLANG_ANALYZER_NUMBER_OBJECT_CONVERSION = YES_AGGRESSIVE;
				CLANG_CXX_LANGUAGE_STANDARD = "gnu++14";
				CLANG_CXX_LIBRARY = "libc++";
				CLANG_ENABLE_MODULES = YES;
				CLANG_ENABLE_OBJC_ARC = YES;
				CLANG_ENABLE_OBJC_WEAK = YES;
				CLANG_WARN_BLOCK_CAPTURE_AUTORELEASING = YES;
				CLANG_WARN_BOOL_CONVERSION = YES;
				CLANG_WARN_COMMA = YES;
				CLANG_WARN_CONSTANT_CONVERSION = YES;
				CLANG_WARN_DEPRECATED_OBJC_IMPLEMENTATIONS = YES;
				CLANG_WARN_DIRECT_OBJC_ISA_USAGE = YES_ERROR;
				CLANG_WARN_DOCUMENTATION_COMMENTS = YES;
				CLANG_WARN_EMPTY_BODY = YES;
				CLANG_WARN_ENUM_CONVERSION = YES;
				CLANG_WARN_INFINITE_RECURSION = YES;
				CLANG_WARN_INT_CONVERSION = YES;
				CLANG_WARN_NON_LITERAL_NULL_CONVERSION = YES;
				CLANG_WARN_OBJC_IMPLICIT_RETAIN_SELF = YES;
				CLANG_WARN_OBJC_LITERAL_CONVERSION = YES;
				CLANG_WARN_OBJC_ROOT_CLASS = YES_ERROR;
				CLANG_WARN_RANGE_LOOP_ANALYSIS = YES;
				CLANG_WARN_STRICT_PROTOTYPES = YES;
				CLANG_WARN_SUSPICIOUS_MOVE = YES;
				CLANG_WARN_UNGUARDED_AVAILABILITY = YES_AGGRESSIVE;
				CLANG_WARN_UNREACHABLE_CODE = YES;
				CLANG_WARN__DUPLICATE_METHOD_MATCH = YES;
				CODE_SIGN_IDENTITY = "iPhone Developer";
				COPY_PHASE_STRIP = NO;
				DEBUG_INFORMATION_FORMAT = dwarf;
				ENABLE_STRICT_OBJC_MSGSEND = YES;
				ENABLE_TESTABILITY = YES;
				GCC_C_LANGUAGE_STANDARD = gnu11;
				GCC_DYNAMIC_NO_PIC = NO;
				GCC_NO_COMMON_BLOCKS = YES;
				GCC_OPTIMIZATION_LEVEL = 0;
				GCC_PREPROCESSOR_DEFINITIONS = (
					"DEBUG=1",
					"$(inherited)",
				);
				GCC_WARN_64_TO_32_BIT_CONVERSION = YES;
				GCC_WARN_ABOUT_RETURN_TYPE = YES_ERROR;
				GCC_WARN_UNDECLARED_SELECTOR = YES;
				GCC_WARN_UNINITIALIZED_AUTOS = YES_AGGRESSIVE;
				GCC_WARN_UNUSED_FUNCTION = YES;
				GCC_WARN_UNUSED_VARIABLE = YES;
				IPHONEOS_DEPLOYMENT_TARGET = 12.0;
				MTL_ENABLE_DEBUG_INFO = INCLUDE_SOURCE;
				MTL_FAST_MATH = YES;
				ONLY_ACTIVE_ARCH = YES;
				SDKROOT = iphoneos;
				SWIFT_ACTIVE_COMPILATION_CONDITIONS = DEBUG;
				SWIFT_OPTIMIZATION_LEVEL = "-Onone";
			};
			name = Debug;
		};
		06673B2A215B295100C03468 /* Release */ = {
			isa = XCBuildConfiguration;
			buildSettings = {
				ALWAYS_SEARCH_USER_PATHS = NO;
				CLANG_ANALYZER_NONNULL = YES;
				CLANG_ANALYZER_NUMBER_OBJECT_CONVERSION = YES_AGGRESSIVE;
				CLANG_CXX_LANGUAGE_STANDARD = "gnu++14";
				CLANG_CXX_LIBRARY = "libc++";
				CLANG_ENABLE_MODULES = YES;
				CLANG_ENABLE_OBJC_ARC = YES;
				CLANG_ENABLE_OBJC_WEAK = YES;
				CLANG_WARN_BLOCK_CAPTURE_AUTORELEASING = YES;
				CLANG_WARN_BOOL_CONVERSION = YES;
				CLANG_WARN_COMMA = YES;
				CLANG_WARN_CONSTANT_CONVERSION = YES;
				CLANG_WARN_DEPRECATED_OBJC_IMPLEMENTATIONS = YES;
				CLANG_WARN_DIRECT_OBJC_ISA_USAGE = YES_ERROR;
				CLANG_WARN_DOCUMENTATION_COMMENTS = YES;
				CLANG_WARN_EMPTY_BODY = YES;
				CLANG_WARN_ENUM_CONVERSION = YES;
				CLANG_WARN_INFINITE_RECURSION = YES;
				CLANG_WARN_INT_CONVERSION = YES;
				CLANG_WARN_NON_LITERAL_NULL_CONVERSION = YES;
				CLANG_WARN_OBJC_IMPLICIT_RETAIN_SELF = YES;
				CLANG_WARN_OBJC_LITERAL_CONVERSION = YES;
				CLANG_WARN_OBJC_ROOT_CLASS = YES_ERROR;
				CLANG_WARN_RANGE_LOOP_ANALYSIS = YES;
				CLANG_WARN_STRICT_PROTOTYPES = YES;
				CLANG_WARN_SUSPICIOUS_MOVE = YES;
				CLANG_WARN_UNGUARDED_AVAILABILITY = YES_AGGRESSIVE;
				CLANG_WARN_UNREACHABLE_CODE = YES;
				CLANG_WARN__DUPLICATE_METHOD_MATCH = YES;
				CODE_SIGN_IDENTITY = "iPhone Developer";
				COPY_PHASE_STRIP = NO;
				DEBUG_INFORMATION_FORMAT = "dwarf-with-dsym";
				ENABLE_NS_ASSERTIONS = NO;
				ENABLE_STRICT_OBJC_MSGSEND = YES;
				GCC_C_LANGUAGE_STANDARD = gnu11;
				GCC_NO_COMMON_BLOCKS = YES;
				GCC_WARN_64_TO_32_BIT_CONVERSION = YES;
				GCC_WARN_ABOUT_RETURN_TYPE = YES_ERROR;
				GCC_WARN_UNDECLARED_SELECTOR = YES;
				GCC_WARN_UNINITIALIZED_AUTOS = YES_AGGRESSIVE;
				GCC_WARN_UNUSED_FUNCTION = YES;
				GCC_WARN_UNUSED_VARIABLE = YES;
				IPHONEOS_DEPLOYMENT_TARGET = 12.0;
				MTL_ENABLE_DEBUG_INFO = NO;
				MTL_FAST_MATH = YES;
				SDKROOT = iphoneos;
				SWIFT_COMPILATION_MODE = wholemodule;
				SWIFT_OPTIMIZATION_LEVEL = "-O";
				VALIDATE_PRODUCT = YES;
			};
			name = Release;
		};
		06673B2C215B295100C03468 /* Debug */ = {
			isa = XCBuildConfiguration;
			buildSettings = {
				ASSETCATALOG_COMPILER_APPICON_NAME = AppIcon;
				CODE_SIGN_IDENTITY = "iPhone Developer";
				CODE_SIGN_STYLE = Automatic;
				DEVELOPMENT_TEAM = "";
				INFOPLIST_FILE = clmtest/Info.plist;
				LD_RUNPATH_SEARCH_PATHS = (
					"$(inherited)",
					"@executable_path/Frameworks",
				);
				PRODUCT_BUNDLE_IDENTIFIER = "-.clmtest";
				PRODUCT_NAME = "$(TARGET_NAME)";
				PROVISIONING_PROFILE_SPECIFIER = "";
				SWIFT_VERSION = 4.2;
				TARGETED_DEVICE_FAMILY = "1,2";
			};
			name = Debug;
		};
		06673B2D215B295100C03468 /* Release */ = {
			isa = XCBuildConfiguration;
			buildSettings = {
				ASSETCATALOG_COMPILER_APPICON_NAME = AppIcon;
				CODE_SIGN_IDENTITY = "iPhone Developer";
				CODE_SIGN_STYLE = Automatic;
				DEVELOPMENT_TEAM = "";
				INFOPLIST_FILE = clmtest/Info.plist;
				LD_RUNPATH_SEARCH_PATHS = (
					"$(inherited)",
					"@executable_path/Frameworks",
				);
				PRODUCT_BUNDLE_IDENTIFIER = "-.clmtest";
				PRODUCT_NAME = "$(TARGET_NAME)";
				PROVISIONING_PROFILE_SPECIFIER = "";
				SWIFT_VERSION = 4.2;
				TARGETED_DEVICE_FAMILY = "1,2";
			};
			name = Release;
		};
		06673B2F215B295100C03468 /* Debug */ = {
			isa = XCBuildConfiguration;
			buildSettings = {
				ALWAYS_EMBED_SWIFT_STANDARD_LIBRARIES = YES;
				BUNDLE_LOADER = "$(TEST_HOST)";
				CODE_SIGN_STYLE = Automatic;
				INFOPLIST_FILE = clmtestTests/Info.plist;
				LD_RUNPATH_SEARCH_PATHS = (
					"$(inherited)",
					"@executable_path/Frameworks",
					"@loader_path/Frameworks",
				);
				PRODUCT_BUNDLE_IDENTIFIER = "-.clmtestTests";
				PRODUCT_NAME = "$(TARGET_NAME)";
				SWIFT_VERSION = 4.2;
				TARGETED_DEVICE_FAMILY = "1,2";
				TEST_HOST = "$(BUILT_PRODUCTS_DIR)/clmtest.app/clmtest";
			};
			name = Debug;
		};
		06673B30215B295100C03468 /* Release */ = {
			isa = XCBuildConfiguration;
			buildSettings = {
				ALWAYS_EMBED_SWIFT_STANDARD_LIBRARIES = YES;
				BUNDLE_LOADER = "$(TEST_HOST)";
				CODE_SIGN_STYLE = Automatic;
				INFOPLIST_FILE = clmtestTests/Info.plist;
				LD_RUNPATH_SEARCH_PATHS = (
					"$(inherited)",
					"@executable_path/Frameworks",
					"@loader_path/Frameworks",
				);
				PRODUCT_BUNDLE_IDENTIFIER = "-.clmtestTests";
				PRODUCT_NAME = "$(TARGET_NAME)";
				SWIFT_VERSION = 4.2;
				TARGETED_DEVICE_FAMILY = "1,2";
				TEST_HOST = "$(BUILT_PRODUCTS_DIR)/clmtest.app/clmtest";
			};
			name = Release;
		};
		06673B32215B295100C03468 /* Debug */ = {
			isa = XCBuildConfiguration;
			buildSettings = {
				ALWAYS_EMBED_SWIFT_STANDARD_LIBRARIES = YES;
				CODE_SIGN_STYLE = Automatic;
				INFOPLIST_FILE = clmtestUITests/Info.plist;
				LD_RUNPATH_SEARCH_PATHS = (
					"$(inherited)",
					"@executable_path/Frameworks",
					"@loader_path/Frameworks",
				);
				PRODUCT_BUNDLE_IDENTIFIER = "-.clmtestUITests";
				PRODUCT_NAME = "$(TARGET_NAME)";
				SWIFT_VERSION = 4.2;
				TARGETED_DEVICE_FAMILY = "1,2";
				TEST_TARGET_NAME = clmtest;
			};
			name = Debug;
		};
		06673B33215B295100C03468 /* Release */ = {
			isa = XCBuildConfiguration;
			buildSettings = {
				ALWAYS_EMBED_SWIFT_STANDARD_LIBRARIES = YES;
				CODE_SIGN_STYLE = Automatic;
				INFOPLIST_FILE = clmtestUITests/Info.plist;
				LD_RUNPATH_SEARCH_PATHS = (
					"$(inherited)",
					"@executable_path/Frameworks",
					"@loader_path/Frameworks",
				);
				PRODUCT_BUNDLE_IDENTIFIER = "-.clmtestUITests";
				PRODUCT_NAME = "$(TARGET_NAME)";
				SWIFT_VERSION = 4.2;
				TARGETED_DEVICE_FAMILY = "1,2";
				TEST_TARGET_NAME = clmtest;
			};
			name = Release;
		};
/* End XCBuildConfiguration section */

/* Begin XCConfigurationList section */
		06673AFE215B295100C03468 /* Build configuration list for PBXProject "clmtest" */ = {
			isa = XCConfigurationList;
			buildConfigurations = (
				06673B29215B295100C03468 /* Debug */,
				06673B2A215B295100C03468 /* Release */,
			);
			defaultConfigurationIsVisible = 0;
			defaultConfigurationName = Release;
		};
		06673B2B215B295100C03468 /* Build configuration list for PBXNativeTarget "clmtest" */ = {
			isa = XCConfigurationList;
			buildConfigurations = (
				06673B2C215B295100C03468 /* Debug */,
				06673B2D215B295100C03468 /* Release */,
			);
			defaultConfigurationIsVisible = 0;
			defaultConfigurationName = Release;
		};
		06673B2E215B295100C03468 /* Build configuration list for PBXNativeTarget "clmtestTests" */ = {
			isa = XCConfigurationList;
			buildConfigurations = (
				06673B2F215B295100C03468 /* Debug */,
				06673B30215B295100C03468 /* Release */,
			);
			defaultConfigurationIsVisible = 0;
			defaultConfigurationName = Release;
		};
		06673B31215B295100C03468 /* Build configuration list for PBXNativeTarget "clmtestUITests" */ = {
			isa = XCConfigurationList;
			buildConfigurations = (
				06673B32215B295100C03468 /* Debug */,
				06673B33215B295100C03468 /* Release */,
			);
			defaultConfigurationIsVisible = 0;
			defaultConfigurationName = Release;
		};
/* End XCConfigurationList section */
	};
	rootObject = 06673AFB215B295100C03468 /* Project object */;
}
